
Microsoft Visual Studio Solution File, Format Version 12.00
# Visual Studio Version 16
VisualStudioVersion = 16.0.33214.272
MinimumVisualStudioVersion = 10.0.40219.1
Project("{FAE04EC0-301F-11D3-BF4B-00C04F79EFBC}") = "TesteNpgSql4.0.10", "TesteNpgSql4.0.10\TesteNpgSql4.0.10.csproj", "{AE52F7ED-DA8B-4A10-B60C-FF23148EB5C9}"
EndProject
Global
	GlobalSection(SolutionConfigurationPlatforms) = preSolution
		Debug|Any CPU = Debug|Any CPU
		Release|Any CPU = Release|Any CPU
	EndGlobalSection
	GlobalSection(ProjectConfigurationPlatforms) = postSolution
		{AE52F7ED-DA8B-4A10-B60C-FF23148EB5C9}.Debug|Any CPU.ActiveCfg = Debug|Any CPU
		{AE52F7ED-DA8B-4A10-B60C-FF23148EB5C9}.Debug|Any CPU.Build.0 = Debug|Any CPU
		{AE52F7ED-DA8B-4A10-B60C-FF23148EB5C9}.Release|Any CPU.ActiveCfg = Release|Any CPU
		{AE52F7ED-DA8B-4A10-B60C-FF23148EB5C9}.Release|Any CPU.Build.0 = Release|Any CPU
	EndGlobalSection
	GlobalSection(SolutionProperties) = preSolution
		HideSolutionNode = FALSE
	EndGlobalSection
	GlobalSection(ExtensibilityGlobals) = postSolution
		SolutionGuid = {7F1503FA-C1D2-48D7-90D9-7BDCAA37DEB1}
	EndGlobalSection
EndGlobal
